PODS:
  - Flutter (1.0.0)
  - obd2_flutter_plugin (1.0.0):
    - Flutter

DEPENDENCIES:
  - Flutter (from `Flutter`)
  - obd2_flutter_plugin (from `.symlinks/plugins/obd2_flutter_plugin/ios`)

EXTERNAL SOURCES:
  Flutter:
    :path: Flutter
  obd2_flutter_plugin:
    :path: ".symlinks/plugins/obd2_flutter_plugin/ios"

SPEC CHECKSUMS:
  Flutter: f04841e97a9d0b0a8025694d0796dd46242b2854
  obd2_flutter_plugin: 197b5e76047c06c2dc2825e670008ab59563196d

PODFILE CHECKSUM: a57f30d18f102dd3ce366b1d62a55ecbef2158e5

COCOAPODS: 1.14.3
